
Microsoft Visual Studio Solution File, Format Version 12.00
# Visual Studio Version 17
VisualStudioVersion = 17.8.34525.116
MinimumVisualStudioVersion = 10.0.40219.1
Project("{9A19103F-16F7-4668-BE54-9A1E7A4F7556}") = "ShapeAreaCalculation", "ShapeAreaCalculation.csproj", "{3B8C819C-A6C3-4A2A-B1C4-27F5D1638DAD}"
EndProject
Project("{FAE04EC0-301F-11D3-BF4B-00C04F79EFBC}") = "ShapeAreaCalculation.Tests", "..\ShapeAreaCalculation.Tests\ShapeAreaCalculation.Tests.csproj", "{872136A2-5802-4F77-891A-27398DC255D0}"
EndProject
Global
	GlobalSection(SolutionConfigurationPlatforms) = preSolution
		Debug|Any CPU = Debug|Any CPU
		Release|Any CPU = Release|Any CPU
	EndGlobalSection
	GlobalSection(ProjectConfigurationPlatforms) = postSolution
		{3B8C819C-A6C3-4A2A-B1C4-27F5D1638DAD}.Debug|Any CPU.ActiveCfg = Debug|Any CPU
		{3B8C819C-A6C3-4A2A-B1C4-27F5D1638DAD}.Debug|Any CPU.Build.0 = Debug|Any CPU
		{3B8C819C-A6C3-4A2A-B1C4-27F5D1638DAD}.Release|Any CPU.ActiveCfg = Release|Any CPU
		{3B8C819C-A6C3-4A2A-B1C4-27F5D1638DAD}.Release|Any CPU.Build.0 = Release|Any CPU
		{872136A2-5802-4F77-891A-27398DC255D0}.Debug|Any CPU.ActiveCfg = Debug|Any CPU
		{872136A2-5802-4F77-891A-27398DC255D0}.Debug|Any CPU.Build.0 = Debug|Any CPU
		{872136A2-5802-4F77-891A-27398DC255D0}.Release|Any CPU.ActiveCfg = Release|Any CPU
		{872136A2-5802-4F77-891A-27398DC255D0}.Release|Any CPU.Build.0 = Release|Any CPU
	EndGlobalSection
	GlobalSection(SolutionProperties) = preSolution
		HideSolutionNode = FALSE
	EndGlobalSection
	GlobalSection(ExtensibilityGlobals) = postSolution
		SolutionGuid = {7C5C36A1-4706-4081-B677-A7DBFF928971}
	EndGlobalSection
EndGlobal
